
Microsoft Visual Studio Solution File, Format Version 12.00
# Visual Studio Version 16
VisualStudioVersion = 16.0.31624.102
MinimumVisualStudioVersion = 10.0.40219.1
Project("{FAE04EC0-301F-11D3-BF4B-00C04F79EFBC}") = "BooleanLogicalOperators", "BooleanLogicalOperators\BooleanLogicalOperators.csproj", "{3EA93289-AA52-455C-95BC-04F4488C2659}"
EndProject
Project("{FAE04EC0-301F-11D3-BF4B-00C04F79EFBC}") = "Login", "Login\Login.csproj", "{676345D9-200B-41AE-9257-52EDC85E67F5}"
EndProject
Global
	GlobalSection(SolutionConfigurationPlatforms) = preSolution
		Debug|Any CPU = Debug|Any CPU
		Release|Any CPU = Release|Any CPU
	EndGlobalSection
	GlobalSection(ProjectConfigurationPlatforms) = postSolution
		{3EA93289-AA52-455C-95BC-04F4488C2659}.Debug|Any CPU.ActiveCfg = Debug|Any CPU
		{3EA93289-AA52-455C-95BC-04F4488C2659}.Debug|Any CPU.Build.0 = Debug|Any CPU
		{3EA93289-AA52-455C-95BC-04F4488C2659}.Release|Any CPU.ActiveCfg = Release|Any CPU
		{3EA93289-AA52-455C-95BC-04F4488C2659}.Release|Any CPU.Build.0 = Release|Any CPU
		{676345D9-200B-41AE-9257-52EDC85E67F5}.Debug|Any CPU.ActiveCfg = Debug|Any CPU
		{676345D9-200B-41AE-9257-52EDC85E67F5}.Debug|Any CPU.Build.0 = Debug|Any CPU
		{676345D9-200B-41AE-9257-52EDC85E67F5}.Release|Any CPU.ActiveCfg = Release|Any CPU
		{676345D9-200B-41AE-9257-52EDC85E67F5}.Release|Any CPU.Build.0 = Release|Any CPU
	EndGlobalSection
	GlobalSection(SolutionProperties) = preSolution
		HideSolutionNode = FALSE
	EndGlobalSection
	GlobalSection(ExtensibilityGlobals) = postSolution
		SolutionGuid = {F3318F9B-240B-485B-B7C1-1A3ABC40E7A1}
	EndGlobalSection
EndGlobal
